lockfile_version: '1'
generated_at: '2026-10-05T00:27:46.436298+00:00'
apm_version: 0.23.0
dependencies:
- repo_url: Netcracker/qubership-ai-packages
  name: qubership-essentials
  host: github.com
  resolved_commit: af5f9b88ba22b8851b4525559c54499598551548
  resolved_ref: main
  version: 1.1.0
  virtual_path: agent-packages/qubership-essentials
  is_virtual: true
  package_type: apm_package
  content_hash: sha256:2b55c4ebee62c9eda431551239c26de4ba606a9842ff4e580f1b3fbebf7359b3
- repo_url: Netcracker/qubership-ai-packages
  name: apm-authoring
  host: github.com
  resolved_commit: af5f9b88ba22b8851b4525559c54499598551548
  resolved_ref: main
  version: 1.1.0
  virtual_path: agent-packages/apm-authoring
  is_virtual: true
  depth: 2
  resolved_by: Netcracker/qubership-ai-packages
  package_type: apm_package
  deployed_files:
  - .agents/skills/apm-authoring
  - .agents/skills/apm-authoring/SKILL.md
  - .claude/rules/apm-authoring.md
  - .claude/skills/apm-authoring
  - .claude/skills/apm-authoring/SKILL.md
  - .cursor/rules/apm-authoring.mdc
  deployed_file_hashes:
    .cursor/rules/apm-authoring.mdc: sha256:fbc8f94d4f0b94c04a0ed042ee06f1f48244fdac316f0ce15e2d38b0affbb9aa
  content_hash: sha256:c4931d5235c1b2632d537cf9b0f843ee3fb9dc7d84d8de113160b72ffbce4ed8
- repo_url: Netcracker/qubership-ai-packages
  name: codex-review
  host: github.com
  resolved_commit: af5f9b88ba22b8851b4525559c54499598551548
  resolved_ref: main
  version: 1.0.0
  virtual_path: agent-packages/codex-review
  is_virtual: true
  depth: 2
  resolved_by: Netcracker/qubership-ai-packages
  package_type: apm_package
  deployed_files:
  - .agents/skills/codex-review
  - .agents/skills/codex-review/SKILL.md
  - .claude/skills/codex-review
  - .claude/skills/codex-review/SKILL.md
  content_hash: sha256:2e2ea3193e6bb5e8647f60a6d7777b98a2722ef9146f023d6fda0764bd79d7e5
- repo_url: Netcracker/qubership-ai-packages
  name: english-us-developer-style
  host: github.com
  resolved_commit: af5f9b88ba22b8851b4525559c54499598551548
  resolved_ref: main
  version: 2.1.0
  virtual_path: agent-packages/english-us-developer-style
  is_virtual: true
  depth: 2
  resolved_by: Netcracker/qubership-ai-packages
  package_type: apm_package
  deployed_files:
  - .agents/skills/english-developer-style
  - .agents/skills/english-developer-style/SKILL.md
  - .claude/rules/english-developer-style.md
  - .claude/skills/english-developer-style
  - .claude/skills/english-developer-style/SKILL.md
  - .cursor/rules/english-developer-style.mdc
  deployed_file_hashes:
    .cursor/rules/english-developer-style.mdc: sha256:c7fa36005dd0bdbe2160ba98473582da331ba2b641bec40b97a624ad81d43aa2
  content_hash: sha256:f97efa2a8e0d5c1bd68ddf9f12a3dcf96d2b9b952d5e4aa968f0bc7c71767034
- repo_url: Netcracker/qubership-ai-packages
  name: markdown-line-length-120
  host: github.com
  resolved_commit: af5f9b88ba22b8851b4525559c54499598551548
  resolved_ref: main
  version: 1.0.1
  virtual_path: agent-packages/markdown-line-length-120
  is_virtual: true
  depth: 2
  resolved_by: Netcracker/qubership-ai-packages
  package_type: apm_package
  deployed_files:
  - .agents/skills/markdown-line-length-120
  - .agents/skills/markdown-line-length-120/SKILL.md
  - .claude/rules/markdown-line-length-120.md
  - .claude/skills/markdown-line-length-120
  - .claude/skills/markdown-line-length-120/SKILL.md
  - .cursor/rules/markdown-line-length-120.mdc
  deployed_file_hashes:
    .cursor/rules/markdown-line-length-120.mdc: sha256:53206655c47a82c505af0b708486e65b7db5ecde53078aad629ea30e55b6066d
  content_hash: sha256:1708d68b8f755365d1ec9a7904a284c23128737a497d4380f960e635a70c0de5
- repo_url: Netcracker/qubership-workflow-hub
  name: qubership-workflow-hub-usage
  host: github.com
  resolved_commit: 3511065e91edef101ca84ed1c88cfef7120dface
  resolved_ref: 3511065e91edef101ca84ed1c88cfef7120dface
  version: 1.0.0
  virtual_path: agent-packages/qubership-workflow-hub-usage
  is_virtual: true
  depth: 2
  resolved_by: Netcracker/qubership-ai-packages
  package_type: apm_package
  deployed_files:
  - .agents/skills/qubership-actions-guide
  - .agents/skills/qubership-actions-guide/SKILL.md
  - .agents/skills/qubership-actions-guide/cla.md
  - .agents/skills/qubership-actions-guide/cleanup.md
  - .agents/skills/qubership-actions-guide/docker.md
  - .agents/skills/qubership-actions-guide/helm.md
  - .agents/skills/qubership-actions-guide/maven.md
  - .agents/skills/qubership-actions-guide/notifications.md
  - .agents/skills/qubership-actions-guide/pr.md
  - .agents/skills/qubership-actions-guide/release.md
  - .agents/skills/qubership-actions-guide/security.md
  - .agents/skills/qubership-actions-guide/utilities.md
  - .agents/skills/qubership-templates-guide
  - .agents/skills/qubership-templates-guide/SKILL.md
  - .agents/skills/qubership-workflow-conventions
  - .agents/skills/qubership-workflow-conventions/SKILL.md
  - .agents/skills/qubership-workflow-conventions/debugging-playbook.md
  - .agents/skills/qubership-workflow-conventions/security-model.md
  - .agents/skills/qubership-workflow-conventions/workflow-patterns.md
  - .agents/skills/qubership-workflow-conventions/zizmor-rules.md
  - .claude/rules/qubership-workflow-hub-usage.md
  - .claude/skills/qubership-actions-guide
  - .claude/skills/qubership-actions-guide/SKILL.md
  - .claude/skills/qubership-actions-guide/cla.md
  - .claude/skills/qubership-actions-guide/cleanup.md
  - .claude/skills/qubership-actions-guide/docker.md
  - .claude/skills/qubership-actions-guide/helm.md
  - .claude/skills/qubership-actions-guide/maven.md
  - .claude/skills/qubership-actions-guide/notifications.md
  - .claude/skills/qubership-actions-guide/pr.md
  - .claude/skills/qubership-actions-guide/release.md
  - .claude/skills/qubership-actions-guide/security.md
  - .claude/skills/qubership-actions-guide/utilities.md
  - .claude/skills/qubership-templates-guide
  - .claude/skills/qubership-templates-guide/SKILL.md
  - .claude/skills/qubership-workflow-conventions
  - .claude/skills/qubership-workflow-conventions/SKILL.md
  - .claude/skills/qubership-workflow-conventions/debugging-playbook.md
  - .claude/skills/qubership-workflow-conventions/security-model.md
  - .claude/skills/qubership-workflow-conventions/workflow-patterns.md
  - .claude/skills/qubership-workflow-conventions/zizmor-rules.md
  - .cursor/rules/qubership-workflow-hub-usage.mdc
  deployed_file_hashes:
    .cursor/rules/qubership-workflow-hub-usage.mdc: sha256:ea6a01f61b58ae3e1079c1ef5f834c6d7efdebd13dfa6de4dd580fc32dfda275
  content_hash: sha256:6d135ff9b92ab29986cc6c64265e6f7abc3c4f223726ed4b1a429dc2556a2689
local_deployed_files:
- .claude/rules/qubership-external-logging-installer.md
- .cursor/rules/qubership-external-logging-installer.mdc
local_deployed_file_hashes:
  .claude/rules/qubership-external-logging-installer.md: sha256:6c9f6fad9f37fc31de0cfd66a7c43b37fe2e8d26fc59155720c84fe72ac99685
  .cursor/rules/qubership-external-logging-installer.mdc: sha256:69b8f92768cd713e5a6280c8af5fb7f8fcbd3ac4ae59c4b9c5133df0f1c9507c
